// !$*UTF8*$!
{
	archiveVersion = 1;
	classes = {
	};
	objectVersion = 56;
	objects = {

/* Begin PBXBuildFile section */
		D145B8E1298CC20500099270 /* AppDelegate.swift in Sources */ = {isa = PBXBuildFile; fileRef = D145B8E0298CC20500099270 /* AppDelegate.swift */; };
		D145B8E3298CC20500099270 /* SceneDelegate.swift in Sources */ = {isa = PBXBuildFile; fileRef = D145B8E2298CC20500099270 /* SceneDelegate.swift */; };
		D145B8E5298CC20500099270 /* ViewController.swift in Sources */ = {isa = PBXBuildFile; fileRef = D145B8E4298CC20500099270 /* ViewController.swift */; };
		D145B8E8298CC20500099270 /* Main.storyboard in Resources */ = {isa = PBXBuildFile; fileRef = D145B8E6298CC20500099270 /* Main.storyboard */; };
		D145B8EA298CC20700099270 /* Assets.xcassets in Resources */ = {isa = PBXBuildFile; fileRef = D145B8E9298CC20700099270 /* Assets.xcassets */; };
		D145B8ED298CC20700099270 /* LaunchScreen.storyboard in Resources */ = {isa = PBXBuildFile; fileRef = D145B8EB298CC20700099270 /* LaunchScreen.storyboard */; };
		D145B8F8298CC20800099270 /* color_sliderTests.swift in Sources */ = {isa = PBXBuildFile; fileRef = D145B8F7298CC20800099270 /* color_sliderTests.swift */; };
		D145B902298CC20800099270 /* color_sliderUITests.swift in Sources */ = {isa = PBXBuildFile; fileRef = D145B901298CC20800099270 /* color_sliderUITests.swift */; };
		D145B904298CC20800099270 /* color_sliderUITestsLaunchTests.swift in Sources */ = {isa = PBXBuildFile; fileRef = D145B903298CC20800099270 /* color_sliderUITestsLaunchTests.swift */; };
/* End PBXBuildFile section */

/* Begin PBXContainerItemProxy section */
		D145B8F4298CC20800099270 /* PBXContainerItemProxy */ = {
			isa = PBXContainerItemProxy;
			containerPortal = D145B8D5298CC20500099270 /* Project object */;
			proxyType = 1;
			remoteGlobalIDString = D145B8DC298CC20500099270;
			remoteInfo = "color slider";
		};
		D145B8FE298CC20800099270 /* PBXContainerItemProxy */ = {
			isa = PBXContainerItemProxy;
			containerPortal = D145B8D5298CC20500099270 /* Project object */;
			proxyType = 1;
			remoteGlobalIDString = D145B8DC298CC20500099270;
			remoteInfo = "color slider";
		};
/* End PBXContainerItemProxy section */

/* Begin PBXFileReference section */
		D145B8DD298CC20500099270 /* color slider.app */ = {isa = PBXFileReference; explicitFileType = wrapper.application; includeInIndex = 0; path = "color slider.app"; sourceTree = BUILT_PRODUCTS_DIR; };
		D145B8E0298CC20500099270 /* AppDelegate.swift */ = {isa = PBXFileReference; lastKnownFileType = sourcecode.swift; path = AppDelegate.swift; sourceTree = "<group>"; };
		D145B8E2298CC20500099270 /* SceneDelegate.swift */ = {isa = PBXFileReference; lastKnownFileType = sourcecode.swift; path = SceneDelegate.swift; sourceTree = "<group>"; };
		D145B8E4298CC20500099270 /* ViewController.swift */ = {isa = PBXFileReference; lastKnownFileType = sourcecode.swift; path = ViewController.swift; sourceTree = "<group>"; };
		D145B8E7298CC20500099270 /* Base */ = {isa = PBXFileReference; lastKnownFileType = file.storyboard; name = Base; path = Base.lproj/Main.storyboard; sourceTree = "<group>"; };
		D145B8E9298CC20700099270 /* Assets.xcassets */ = {isa = PBXFileReference; lastKnownFileType = folder.assetcatalog; path = Assets.xcassets; sourceTree = "<group>"; };
		D145B8EC298CC20700099270 /* Base */ = {isa = PBXFileReference; lastKnownFileType = file.storyboard; name = Base; path = Base.lproj/LaunchScreen.storyboard; sourceTree = "<group>"; };
		D145B8EE298CC20700099270 /* Info.plist */ = {isa = PBXFileReference; lastKnownFileType = text.plist.xml; path = Info.plist; sourceTree = "<group>"; };
		D145B8F3298CC20800099270 /* color sliderTests.xctest */ = {isa = PBXFileReference; explicitFileType = wrapper.cfbundle; includeInIndex = 0; path = "color sliderTests.xctest"; sourceTree = BUILT_PRODUCTS_DIR; };
		D145B8F7298CC20800099270 /* color_sliderTests.swift */ = {isa = PBXFileReference; lastKnownFileType = sourcecode.swift; path = color_sliderTests.swift; sourceTree = "<group>"; };
		D145B8FD298CC20800099270 /* color sliderUITests.xctest */ = {isa = PBXFileReference; explicitFileType = wrapper.cfbundle; includeInIndex = 0; path = "color sliderUITests.xctest"; sourceTree = BUILT_PRODUCTS_DIR; };
		D145B901298CC20800099270 /* color_sliderUITests.swift */ = {isa = PBXFileReference; lastKnownFileType = sourcecode.swift; path = color_sliderUITests.swift; sourceTree = "<group>"; };
		D145B903298CC20800099270 /* color_sliderUITestsLaunchTests.swift */ = {isa = PBXFileReference; lastKnownFileType = sourcecode.swift; path = color_sliderUITestsLaunchTests.swift; sourceTree = "<group>"; };
/* End PBXFileReference section */

/* Begin PBXFrameworksBuildPhase section */
		D145B8DA298CC20500099270 /* Frameworks */ = {
			isa = PBXFrameworksBuildPhase;
			buildActionMask = 2147483647;
			files = (
			);
			runOnlyForDeploymentPostprocessing = 0;
		};
		D145B8F0298CC20800099270 /* Frameworks */ = {
			isa = PBXFrameworksBuildPhase;
			buildActionMask = 2147483647;
			files = (
			);
			runOnlyForDeploymentPostprocessing = 0;
		};
		D145B8FA298CC20800099270 /* Frameworks */ = {
			isa = PBXFrameworksBuildPhase;
			buildActionMask = 2147483647;
			files = (
			);
			runOnlyForDeploymentPostprocessing = 0;
		};
/* End PBXFrameworksBuildPhase section */

/* Begin PBXGroup section */
		D145B8D4298CC20500099270 = {
			isa = PBXGroup;
			children = (
				D145B8DF298CC20500099270 /* color slider */,
				D145B8F6298CC20800099270 /* color sliderTests */,
				D145B900298CC20800099270 /* color sliderUITests */,
				D145B8DE298CC20500099270 /* Products */,
			);
			sourceTree = "<group>";
		};
		D145B8DE298CC20500099270 /* Products */ = {
			isa = PBXGroup;
			children = (
				D145B8DD298CC20500099270 /* color slider.app */,
				D145B8F3298CC20800099270 /* color sliderTests.xctest */,
				D145B8FD298CC20800099270 /* color sliderUITests.xctest */,
			);
			name = Products;
			sourceTree = "<group>";
		};
		D145B8DF298CC20500099270 /* color slider */ = {
			isa = PBXGroup;
			children = (
				D145B8E0298CC20500099270 /* AppDelegate.swift */,
				D145B8E2298CC20500099270 /* SceneDelegate.swift */,
				D145B8E4298CC20500099270 /* ViewController.swift */,
				D145B8E6298CC20500099270 /* Main.storyboard */,
				D145B8E9298CC20700099270 /* Assets.xcassets */,
				D145B8EB298CC20700099270 /* LaunchScreen.storyboard */,
				D145B8EE298CC20700099270 /* Info.plist */,
			);
			path = "color slider";
			sourceTree = "<group>";
		};
		D145B8F6298CC20800099270 /* color sliderTests */ = {
			isa = PBXGroup;
			children = (
				D145B8F7298CC20800099270 /* color_sliderTests.swift */,
			);
			path = "color sliderTests";
			sourceTree = "<group>";
		};
		D145B900298CC20800099270 /* color sliderUITests */ = {
			isa = PBXGroup;
			children = (
				D145B901298CC20800099270 /* color_sliderUITests.swift */,
				D145B903298CC20800099270 /* color_sliderUITestsLaunchTests.swift */,
			);
			path = "color sliderUITests";
			sourceTree = "<group>";
		};
/* End PBXGroup section */

/* Begin PBXNativeTarget section */
		D145B8DC298CC20500099270 /* color slider */ = {
			isa = PBXNativeTarget;
			buildConfigurationList = D145B907298CC20800099270 /* Build configuration list for PBXNativeTarget "color slider" */;
			buildPhases = (
				D145B8D9298CC20500099270 /* Sources */,
				D145B8DA298CC20500099270 /* Frameworks */,
				D145B8DB298CC20500099270 /* Resources */,
			);
			buildRules = (
			);
			dependencies = (
			);
			name = "color slider";
			productName = "color slider";
			productReference = D145B8DD298CC20500099270 /* color slider.app */;
			productType = "com.apple.product-type.application";
		};
		D145B8F2298CC20800099270 /* color sliderTests */ = {
			isa = PBXNativeTarget;
			buildConfigurationList = D145B90A298CC20800099270 /* Build configuration list for PBXNativeTarget "color sliderTests" */;
			buildPhases = (
				D145B8EF298CC20800099270 /* Sources */,
				D145B8F0298CC20800099270 /* Frameworks */,
				D145B8F1298CC20800099270 /* Resources */,
			);
			buildRules = (
			);
			dependencies = (
				D145B8F5298CC20800099270 /* PBXTargetDependency */,
			);
			name = "color sliderTests";
			productName = "color sliderTests";
			productReference = D145B8F3298CC20800099270 /* color sliderTests.xctest */;
			productType = "com.apple.product-type.bundle.unit-test";
		};
		D145B8FC298CC20800099270 /* color sliderUITests */ = {
			isa = PBXNativeTarget;
			buildConfigurationList = D145B90D298CC20800099270 /* Build configuration list for PBXNativeTarget "color sliderUITests" */;
			buildPhases = (
				D145B8F9298CC20800099270 /* Sources */,
				D145B8FA298CC20800099270 /* Frameworks */,
				D145B8FB298CC20800099270 /* Resources */,
			);
			buildRules = (
			);
			dependencies = (
				D145B8FF298CC20800099270 /* PBXTargetDependency */,
			);
			name = "color sliderUITests";
			productName = "color sliderUITests";
			productReference = D145B8FD298CC20800099270 /* color sliderUITests.xctest */;
			productType = "com.apple.product-type.bundle.ui-testing";
		};
/* End PBXNativeTarget section */

/* Begin PBXProject section */
		D145B8D5298CC20500099270 /* Project object */ = {
			isa = PBXProject;
			attributes = {
				BuildIndependentTargetsInParallel = 1;
				LastSwiftUpdateCheck = 1420;
				LastUpgradeCheck = 1420;
				TargetAttributes = {
					D145B8DC298CC20500099270 = {
						CreatedOnToolsVersion = 14.2;
					};
					D145B8F2298CC20800099270 = {
						CreatedOnToolsVersion = 14.2;
						TestTargetID = D145B8DC298CC20500099270;
					};
					D145B8FC298CC20800099270 = {
						CreatedOnToolsVersion = 14.2;
						TestTargetID = D145B8DC298CC20500099270;
					};
				};
			};
			buildConfigurationList = D145B8D8298CC20500099270 /* Build configuration list for PBXProject "color slider" */;
			compatibilityVersion = "Xcode 14.0";
			developmentRegion = en;
			hasScannedForEncodings = 0;
			knownRegions = (
				en,
				Base,
			);
			mainGroup = D145B8D4298CC20500099270;
			productRefGroup = D145B8DE298CC20500099270 /* Products */;
			projectDirPath = "";
			projectRoot = "";
			targets = (
				D145B8DC298CC20500099270 /* color slider */,
				D145B8F2298CC20800099270 /* color sliderTests */,
				D145B8FC298CC20800099270 /* color sliderUITests */,
			);
		};
/* End PBXProject section */

/* Begin PBXResourcesBuildPhase section */
		D145B8DB298CC20500099270 /* Resources */ = {
			isa = PBXResourcesBuildPhase;
			buildActionMask = 2147483647;
			files = (
				D145B8ED298CC20700099270 /* LaunchScreen.storyboard in Resources */,
				D145B8EA298CC20700099270 /* Assets.xcassets in Resources */,
				D145B8E8298CC20500099270 /* Main.storyboard in Resources */,
			);
			runOnlyForDeploymentPostprocessing = 0;
		};
		D145B8F1298CC20800099270 /* Resources */ = {
			isa = PBXResourcesBuildPhase;
			buildActionMask = 2147483647;
			files = (
			);
			runOnlyForDeploymentPostprocessing = 0;
		};
		D145B8FB298CC20800099270 /* Resources */ = {
			isa = PBXResourcesBuildPhase;
			buildActionMask = 2147483647;
			files = (
			);
			runOnlyForDeploymentPostprocessing = 0;
		};
/* End PBXResourcesBuildPhase section */

/* Begin PBXSourcesBuildPhase section */
		D145B8D9298CC20500099270 /* Sources */ = {
			isa = PBXSourcesBuildPhase;
			buildActionMask = 2147483647;
			files = (
				D145B8E5298CC20500099270 /* ViewController.swift in Sources */,
				D145B8E1298CC20500099270 /* AppDelegate.swift in Sources */,
				D145B8E3298CC20500099270 /* SceneDelegate.swift in Sources */,
			);
			runOnlyForDeploymentPostprocessing = 0;
		};
		D145B8EF298CC20800099270 /* Sources */ = {
			isa = PBXSourcesBuildPhase;
			buildActionMask = 2147483647;
			files = (
				D145B8F8298CC20800099270 /* color_sliderTests.swift in Sources */,
			);
			runOnlyForDeploymentPostprocessing = 0;
		};
		D145B8F9298CC20800099270 /* Sources */ = {
			isa = PBXSourcesBuildPhase;
			buildActionMask = 2147483647;
			files = (
				D145B902298CC20800099270 /* color_sliderUITests.swift in Sources */,
				D145B904298CC20800099270 /* color_sliderUITestsLaunchTests.swift in Sources */,
			);
			runOnlyForDeploymentPostprocessing = 0;
		};
/* End PBXSourcesBuildPhase section */

/* Begin PBXTargetDependency section */
		D145B8F5298CC20800099270 /* PBXTargetDependency */ = {
			isa = PBXTargetDependency;
			target = D145B8DC298CC20500099270 /* color slider */;
			targetProxy = D145B8F4298CC20800099270 /* PBXContainerItemProxy */;
		};
		D145B8FF298CC20800099270 /* PBXTargetDependency */ = {
			isa = PBXTargetDependency;
			target = D145B8DC298CC20500099270 /* color slider */;
			targetProxy = D145B8FE298CC20800099270 /* PBXContainerItemProxy */;
		};
/* End PBXTargetDependency section */

/* Begin PBXVariantGroup section */
		D145B8E6298CC20500099270 /* Main.storyboard */ = {
			isa = PBXVariantGroup;
			children = (
				D145B8E7298CC20500099270 /* Base */,
			);
			name = Main.storyboard;
			sourceTree = "<group>";
		};
		D145B8EB298CC20700099270 /* LaunchScreen.storyboard */ = {
			isa = PBXVariantGroup;
			children = (
				D145B8EC298CC20700099270 /* Base */,
			);
			name = LaunchScreen.storyboard;
			sourceTree = "<group>";
		};
/* End PBXVariantGroup section */

/* Begin XCBuildConfiguration section */
		D145B905298CC20800099270 /* Debug */ = {
			isa = XCBuildConfiguration;
			buildSettings = {
				ALWAYS_SEARCH_USER_PATHS = NO;
				CLANG_ANALYZER_NONNULL = YES;
				CLANG_ANALYZER_NUMBER_OBJECT_CONVERSION = YES_AGGRESSIVE;
				CLANG_CXX_LANGUAGE_STANDARD = "gnu++20";
				CLANG_ENABLE_MODULES = YES;
				CLANG_ENABLE_OBJC_ARC = YES;
				CLANG_ENABLE_OBJC_WEAK = YES;
				CLANG_WARN_BLOCK_CAPTURE_AUTORELEASING = YES;
				CLANG_WARN_BOOL_CONVERSION = YES;
				CLANG_WARN_COMMA = YES;
				CLANG_WARN_CONSTANT_CONVERSION = YES;
				CLANG_WARN_DEPRECATED_OBJC_IMPLEMENTATIONS = YES;
				CLANG_WARN_DIRECT_OBJC_ISA_USAGE = YES_ERROR;
				CLANG_WARN_DOCUMENTATION_COMMENTS = YES;
				CLANG_WARN_EMPTY_BODY = YES;
				CLANG_WARN_ENUM_CONVERSION = YES;
				CLANG_WARN_INFINITE_RECURSION = YES;
				CLANG_WARN_INT_CONVERSION = YES;
				CLANG_WARN_NON_LITERAL_NULL_CONVERSION = YES;
				CLANG_WARN_OBJC_IMPLICIT_RETAIN_SELF = YES;
				CLANG_WARN_OBJC_LITERAL_CONVERSION = YES;
				CLANG_WARN_OBJC_ROOT_CLASS = YES_ERROR;
				CLANG_WARN_QUOTED_INCLUDE_IN_FRAMEWORK_HEADER = YES;
				CLANG_WARN_RANGE_LOOP_ANALYSIS = YES;
				CLANG_WARN_STRICT_PROTOTYPES = YES;
				CLANG_WARN_SUSPICIOUS_MOVE = YES;
				CLANG_WARN_UNGUARDED_AVAILABILITY = YES_AGGRESSIVE;
				CLANG_WARN_UNREACHABLE_CODE = YES;
				CLANG_WARN__DUPLICATE_METHOD_MATCH = YES;
				COPY_PHASE_STRIP = NO;
				DEBUG_INFORMATION_FORMAT = dwarf;
				ENABLE_STRICT_OBJC_MSGSEND = YES;
				ENABLE_TESTABILITY = YES;
				GCC_C_LANGUAGE_STANDARD = gnu11;
				GCC_DYNAMIC_NO_PIC = NO;
				GCC_NO_COMMON_BLOCKS = YES;
				GCC_OPTIMIZATION_LEVEL = 0;
				GCC_PREPROCESSOR_DEFINITIONS = (
					"DEBUG=1",
					"$(inherited)",
				);
				GCC_WARN_64_TO_32_BIT_CONVERSION = YES;
				GCC_WARN_ABOUT_RETURN_TYPE = YES_ERROR;
				GCC_WARN_UNDECLARED_SELECTOR = YES;
				GCC_WARN_UNINITIALIZED_AUTOS = YES_AGGRESSIVE;
				GCC_WARN_UNUSED_FUNCTION = YES;
				GCC_WARN_UNUSED_VARIABLE = YES;
				IPHONEOS_DEPLOYMENT_TARGET = 16.2;
				MTL_ENABLE_DEBUG_INFO = INCLUDE_SOURCE;
				MTL_FAST_MATH = YES;
				ONLY_ACTIVE_ARCH = YES;
				SDKROOT = iphoneos;
				SWIFT_ACTIVE_COMPILATION_CONDITIONS = DEBUG;
				SWIFT_OPTIMIZATION_LEVEL = "-Onone";
			};
			name = Debug;
		};
		D145B906298CC20800099270 /* Release */ = {
			isa = XCBuildConfiguration;
			buildSettings = {
				ALWAYS_SEARCH_USER_PATHS = NO;
				CLANG_ANALYZER_NONNULL = YES;
				CLANG_ANALYZER_NUMBER_OBJECT_CONVERSION = YES_AGGRESSIVE;
				CLANG_CXX_LANGUAGE_STANDARD = "gnu++20";
				CLANG_ENABLE_MODULES = YES;
				CLANG_ENABLE_OBJC_ARC = YES;
				CLANG_ENABLE_OBJC_WEAK = YES;
				CLANG_WARN_BLOCK_CAPTURE_AUTORELEASING = YES;
				CLANG_WARN_BOOL_CONVERSION = YES;
				CLANG_WARN_COMMA = YES;
				CLANG_WARN_CONSTANT_CONVERSION = YES;
				CLANG_WARN_DEPRECATED_OBJC_IMPLEMENTATIONS = YES;
				CLANG_WARN_DIRECT_OBJC_ISA_USAGE = YES_ERROR;
				CLANG_WARN_DOCUMENTATION_COMMENTS = YES;
				CLANG_WARN_EMPTY_BODY = YES;
				CLANG_WARN_ENUM_CONVERSION = YES;
				CLANG_WARN_INFINITE_RECURSION = YES;
				CLANG_WARN_INT_CONVERSION = YES;
				CLANG_WARN_NON_LITERAL_NULL_CONVERSION = YES;
				CLANG_WARN_OBJC_IMPLICIT_RETAIN_SELF = YES;
				CLANG_WARN_OBJC_LITERAL_CONVERSION = YES;
				CLANG_WARN_OBJC_ROOT_CLASS = YES_ERROR;
				CLANG_WARN_QUOTED_INCLUDE_IN_FRAMEWORK_HEADER = YES;
				CLANG_WARN_RANGE_LOOP_ANALYSIS = YES;
				CLANG_WARN_STRICT_PROTOTYPES = YES;
				CLANG_WARN_SUSPICIOUS_MOVE = YES;
				CLANG_WARN_UNGUARDED_AVAILABILITY = YES_AGGRESSIVE;
				CLANG_WARN_UNREACHABLE_CODE = YES;
				CLANG_WARN__DUPLICATE_METHOD_MATCH = YES;
				COPY_PHASE_STRIP = NO;
				DEBUG_INFORMATION_FORMAT = "dwarf-with-dsym";
				ENABLE_NS_ASSERTIONS = NO;
				ENABLE_STRICT_OBJC_MSGSEND = YES;
				GCC_C_LANGUAGE_STANDARD = gnu11;
				GCC_NO_COMMON_BLOCKS = YES;
				GCC_WARN_64_TO_32_BIT_CONVERSION = YES;
				GCC_WARN_ABOUT_RETURN_TYPE = YES_ERROR;
				GCC_WARN_UNDECLARED_SELECTOR = YES;
				GCC_WARN_UNINITIALIZED_AUTOS = YES_AGGRESSIVE;
				GCC_WARN_UNUSED_FUNCTION = YES;
				GCC_WARN_UNUSED_VARIABLE = YES;
				IPHONEOS_DEPLOYMENT_TARGET = 16.2;
				MTL_ENABLE_DEBUG_INFO = NO;
				MTL_FAST_MATH = YES;
				SDKROOT = iphoneos;
				SWIFT_COMPILATION_MODE = wholemodule;
				SWIFT_OPTIMIZATION_LEVEL = "-O";
				VALIDATE_PRODUCT = YES;
			};
			name = Release;
		};
		D145B908298CC20800099270 /* Debug */ = {
			isa = XCBuildConfiguration;
			buildSettings = {
				ASSETCATALOG_COMPILER_APPICON_NAME = AppIcon;
				ASSETCATALOG_COMPILER_GLOBAL_ACCENT_COLOR_NAME = AccentColor;
				CODE_SIGN_STYLE = Automatic;
				CURRENT_PROJECT_VERSION = 1;
				DEVELOPMENT_TEAM = ZM9PKBTUR8;
				GENERATE_INFOPLIST_FILE = YES;
				INFOPLIST_FILE = "color slider/Info.plist";
				INFOPLIST_KEY_UIApplicationSupportsIndirectInputEvents = YES;
				INFOPLIST_KEY_UILaunchStoryboardName = LaunchScreen;
				INFOPLIST_KEY_UIMainStoryboardFile = Main;
				INFOPLIST_KEY_UISupportedInterfaceOrientations_iPad = "UIInterfaceOrientationPortrait UIInterfaceOrientationPortraitUpsideDown UIInterfaceOrientationLandscapeLeft UIInterfaceOrientationLandscapeRight";
				INFOPLIST_KEY_UISupportedInterfaceOrientations_iPhone = "UIInterfaceOrientationPortrait UIInterfaceOrientationLandscapeLeft UIInterfaceOrientationLandscapeRight";
				LD_RUNPATH_SEARCH_PATHS = (
					"$(inherited)",
					"@executable_path/Frameworks",
				);
				MARKETING_VERSION = 1.0;
				PRODUCT_BUNDLE_IDENTIFIER = "janith.2017221-iit.ac.lk.color-slider";
				PRODUCT_NAME = "$(TARGET_NAME)";
				SWIFT_EMIT_LOC_STRINGS = YES;
				SWIFT_VERSION = 5.0;
				TARGETED_DEVICE_FAMILY = "1,2";
			};
			name = Debug;
		};
		D145B909298CC20800099270 /* Release */ = {
			isa = XCBuildConfiguration;
			buildSettings = {
				ASSETCATALOG_COMPILER_APPICON_NAME = AppIcon;
				ASSETCATALOG_COMPILER_GLOBAL_ACCENT_COLOR_NAME = AccentColor;
				CODE_SIGN_STYLE = Automatic;
				CURRENT_PROJECT_VERSION = 1;
				DEVELOPMENT_TEAM = ZM9PKBTUR8;
				GENERATE_INFOPLIST_FILE = YES;
				INFOPLIST_FILE = "color slider/Info.plist";
				INFOPLIST_KEY_UIApplicationSupportsIndirectInputEvents = YES;
				INFOPLIST_KEY_UILaunchStoryboardName = LaunchScreen;
				INFOPLIST_KEY_UIMainStoryboardFile = Main;
				INFOPLIST_KEY_UISupportedInterfaceOrientations_iPad = "UIInterfaceOrientationPortrait UIInterfaceOrientationPortraitUpsideDown UIInterfaceOrientationLandscapeLeft UIInterfaceOrientationLandscapeRight";
				INFOPLIST_KEY_UISupportedInterfaceOrientations_iPhone = "UIInterfaceOrientationPortrait UIInterfaceOrientationLandscapeLeft UIInterfaceOrientationLandscapeRight";
				LD_RUNPATH_SEARCH_PATHS = (
					"$(inherited)",
					"@executable_path/Frameworks",
				);
				MARKETING_VERSION = 1.0;
				PRODUCT_BUNDLE_IDENTIFIER = "janith.2017221-iit.ac.lk.color-slider";
				PRODUCT_NAME = "$(TARGET_NAME)";
				SWIFT_EMIT_LOC_STRINGS = YES;
				SWIFT_VERSION = 5.0;
				TARGETED_DEVICE_FAMILY = "1,2";
			};
			name = Release;
		};
		D145B90B298CC20800099270 /* Debug */ = {
			isa = XCBuildConfiguration;
			buildSettings = {
				ALWAYS_EMBED_SWIFT_STANDARD_LIBRARIES = YES;
				BUNDLE_LOADER = "$(TEST_HOST)";
				CODE_SIGN_STYLE = Automatic;
				CURRENT_PROJECT_VERSION = 1;
				DEVELOPMENT_TEAM = ZM9PKBTUR8;
				GENERATE_INFOPLIST_FILE = YES;
				IPHONEOS_DEPLOYMENT_TARGET = 16.2;
				MARKETING_VERSION = 1.0;
				PRODUCT_BUNDLE_IDENTIFIER = "janith.2017221-iit.ac.lk.color-sliderTests";
				PRODUCT_NAME = "$(TARGET_NAME)";
				SWIFT_EMIT_LOC_STRINGS = NO;
				SWIFT_VERSION = 5.0;
				TARGETED_DEVICE_FAMILY = "1,2";
				TEST_HOST = "$(BUILT_PRODUCTS_DIR)/color slider.app/$(BUNDLE_EXECUTABLE_FOLDER_PATH)/color slider";
			};
			name = Debug;
		};
		D145B90C298CC20800099270 /* Release */ = {
			isa = XCBuildConfiguration;
			buildSettings = {
				ALWAYS_EMBED_SWIFT_STANDARD_LIBRARIES = YES;
				BUNDLE_LOADER = "$(TEST_HOST)";
				CODE_SIGN_STYLE = Automatic;
				CURRENT_PROJECT_VERSION = 1;
				DEVELOPMENT_TEAM = ZM9PKBTUR8;
				GENERATE_INFOPLIST_FILE = YES;
				IPHONEOS_DEPLOYMENT_TARGET = 16.2;
				MARKETING_VERSION = 1.0;
				PRODUCT_BUNDLE_IDENTIFIER = "janith.2017221-iit.ac.lk.color-sliderTests";
				PRODUCT_NAME = "$(TARGET_NAME)";
				SWIFT_EMIT_LOC_STRINGS = NO;
				SWIFT_VERSION = 5.0;
				TARGETED_DEVICE_FAMILY = "1,2";
				TEST_HOST = "$(BUILT_PRODUCTS_DIR)/color slider.app/$(BUNDLE_EXECUTABLE_FOLDER_PATH)/color slider";
			};
			name = Release;
		};
		D145B90E298CC20800099270 /* Debug */ = {
			isa = XCBuildConfiguration;
			buildSettings = {
				ALWAYS_EMBED_SWIFT_STANDARD_LIBRARIES = YES;
				CODE_SIGN_STYLE = Automatic;
				CURRENT_PROJECT_VERSION = 1;
				DEVELOPMENT_TEAM = ZM9PKBTUR8;
				GENERATE_INFOPLIST_FILE = YES;
				MARKETING_VERSION = 1.0;
				PRODUCT_BUNDLE_IDENTIFIER = "janith.2017221-iit.ac.lk.color-sliderUITests";
				PRODUCT_NAME = "$(TARGET_NAME)";
				SWIFT_EMIT_LOC_STRINGS = NO;
				SWIFT_VERSION = 5.0;
				TARGETED_DEVICE_FAMILY = "1,2";
				TEST_TARGET_NAME = "color slider";
			};
			name = Debug;
		};
		D145B90F298CC20800099270 /* Release */ = {
			isa = XCBuildConfiguration;
			buildSettings = {
				ALWAYS_EMBED_SWIFT_STANDARD_LIBRARIES = YES;
				CODE_SIGN_STYLE = Automatic;
				CURRENT_PROJECT_VERSION = 1;
				DEVELOPMENT_TEAM = ZM9PKBTUR8;
				GENERATE_INFOPLIST_FILE = YES;
				MARKETING_VERSION = 1.0;
				PRODUCT_BUNDLE_IDENTIFIER = "janith.2017221-iit.ac.lk.color-sliderUITests";
				PRODUCT_NAME = "$(TARGET_NAME)";
				SWIFT_EMIT_LOC_STRINGS = NO;
				SWIFT_VERSION = 5.0;
				TARGETED_DEVICE_FAMILY = "1,2";
				TEST_TARGET_NAME = "color slider";
			};
			name = Release;
		};
/* End XCBuildConfiguration section */

/* Begin XCConfigurationList section */
		D145B8D8298CC20500099270 /* Build configuration list for PBXProject "color slider" */ = {
			isa = XCConfigurationList;
			buildConfigurations = (
				D145B905298CC20800099270 /* Debug */,
				D145B906298CC20800099270 /* Release */,
			);
			defaultConfigurationIsVisible = 0;
			defaultConfigurationName = Release;
		};
		D145B907298CC20800099270 /* Build configuration list for PBXNativeTarget "color slider" */ = {
			isa = XCConfigurationList;
			buildConfigurations = (
				D145B908298CC20800099270 /* Debug */,
				D145B909298CC20800099270 /* Release */,
			);
			defaultConfigurationIsVisible = 0;
			defaultConfigurationName = Release;
		};
		D145B90A298CC20800099270 /* Build configuration list for PBXNativeTarget "color sliderTests" */ = {
			isa = XCConfigurationList;
			buildConfigurations = (
				D145B90B298CC20800099270 /* Debug */,
				D145B90C298CC20800099270 /* Release */,
			);
			defaultConfigurationIsVisible = 0;
			defaultConfigurationName = Release;
		};
		D145B90D298CC20800099270 /* Build configuration list for PBXNativeTarget "color sliderUITests" */ = {
			isa = XCConfigurationList;
			buildConfigurations = (
				D145B90E298CC20800099270 /* Debug */,
				D145B90F298CC20800099270 /* Release */,
			);
			defaultConfigurationIsVisible = 0;
			defaultConfigurationName = Release;
		};
/* End XCConfigurationList section */
	};
	rootObject = D145B8D5298CC20500099270 /* Project object */;
}
